
Microsoft Visual Studio Solution File, Format Version 12.00
# Visual Studio Version 17
VisualStudioVersion = 17.8.34322.80
MinimumVisualStudioVersion = 10.0.40219.1
Project("{2150E333-8FDC-42A3-9474-1A3956D46DE8}") = "src", "src", "{8E32E37B-79AA-4EBA-9D16-A9BCF20515A8}"
EndProject
Project("{FAE04EC0-301F-11D3-BF4B-00C04F79EFBC}") = "Steambird.Server", "src\Steambird.Server\Steambird.Server.csproj", "{329A6399-0DDA-4CD9-B341-A7C8C12E2557}"
EndProject
Project("{54A90642-561A-4BB1-A94E-469ADEE60C69}") = "steambird.client", "src\steambird.client\steambird.client.esproj", "{CD2D7CB4-339C-4D5B-892B-CF7D1157EC69}"
EndProject
Project("{FAE04EC0-301F-11D3-BF4B-00C04F79EFBC}") = "Steambird.Logging", "src\Steambird.Logging\Steambird.Logging.csproj", "{0DF34FD4-1A0E-4C25-8202-207D66D2580C}"
EndProject
Project("{FAE04EC0-301F-11D3-BF4B-00C04F79EFBC}") = "Steambird.ImageGeneration", "src\Steambird.ImageGeneration\Steambird.ImageGeneration.csproj", "{B1E5B7E5-462B-4DE4-9834-121BEB25B625}"
EndProject
Global
	GlobalSection(SolutionConfigurationPlatforms) = preSolution
		Debug|Any CPU = Debug|Any CPU
		Release|Any CPU = Release|Any CPU
	EndGlobalSection
	GlobalSection(ProjectConfigurationPlatforms) = postSolution
		{329A6399-0DDA-4CD9-B341-A7C8C12E2557}.Debug|Any CPU.ActiveCfg = Debug|Any CPU
		{329A6399-0DDA-4CD9-B341-A7C8C12E2557}.Debug|Any CPU.Build.0 = Debug|Any CPU
		{329A6399-0DDA-4CD9-B341-A7C8C12E2557}.Release|Any CPU.ActiveCfg = Release|Any CPU
		{329A6399-0DDA-4CD9-B341-A7C8C12E2557}.Release|Any CPU.Build.0 = Release|Any CPU
		{CD2D7CB4-339C-4D5B-892B-CF7D1157EC69}.Debug|Any CPU.ActiveCfg = Debug|Any CPU
		{CD2D7CB4-339C-4D5B-892B-CF7D1157EC69}.Debug|Any CPU.Build.0 = Debug|Any CPU
		{CD2D7CB4-339C-4D5B-892B-CF7D1157EC69}.Debug|Any CPU.Deploy.0 = Debug|Any CPU
		{CD2D7CB4-339C-4D5B-892B-CF7D1157EC69}.Release|Any CPU.ActiveCfg = Release|Any CPU
		{CD2D7CB4-339C-4D5B-892B-CF7D1157EC69}.Release|Any CPU.Build.0 = Release|Any CPU
		{CD2D7CB4-339C-4D5B-892B-CF7D1157EC69}.Release|Any CPU.Deploy.0 = Release|Any CPU
		{0DF34FD4-1A0E-4C25-8202-207D66D2580C}.Debug|Any CPU.ActiveCfg = Debug|Any CPU
		{0DF34FD4-1A0E-4C25-8202-207D66D2580C}.Debug|Any CPU.Build.0 = Debug|Any CPU
		{0DF34FD4-1A0E-4C25-8202-207D66D2580C}.Release|Any CPU.ActiveCfg = Release|Any CPU
		{0DF34FD4-1A0E-4C25-8202-207D66D2580C}.Release|Any CPU.Build.0 = Release|Any CPU
		{B1E5B7E5-462B-4DE4-9834-121BEB25B625}.Debug|Any CPU.ActiveCfg = Debug|Any CPU
		{B1E5B7E5-462B-4DE4-9834-121BEB25B625}.Debug|Any CPU.Build.0 = Debug|Any CPU
		{B1E5B7E5-462B-4DE4-9834-121BEB25B625}.Release|Any CPU.ActiveCfg = Release|Any CPU
		{B1E5B7E5-462B-4DE4-9834-121BEB25B625}.Release|Any CPU.Build.0 = Release|Any CPU
	EndGlobalSection
	GlobalSection(SolutionProperties) = preSolution
		HideSolutionNode = FALSE
	EndGlobalSection
	GlobalSection(NestedProjects) = preSolution
		{329A6399-0DDA-4CD9-B341-A7C8C12E2557} = {8E32E37B-79AA-4EBA-9D16-A9BCF20515A8}
		{0DF34FD4-1A0E-4C25-8202-207D66D2580C} = {8E32E37B-79AA-4EBA-9D16-A9BCF20515A8}
		{B1E5B7E5-462B-4DE4-9834-121BEB25B625} = {8E32E37B-79AA-4EBA-9D16-A9BCF20515A8}
	EndGlobalSection
	GlobalSection(ExtensibilityGlobals) = postSolution
		SolutionGuid = {85151B7F-C3D5-4D60-ABCB-565C22812842}
	EndGlobalSection
EndGlobal
